
Microsoft Visual Studio Solution File, Format Version 12.00
# Visual Studio Version 16
VisualStudioVersion = 16.0.29418.71
MinimumVisualStudioVersion = 10.0.40219.1
Project("{9A19103F-16F7-4668-BE54-9A1E7A4F7556}") = "P01_StudentSystem", "P01_StudentSystem\P01_StudentSystem.csproj", "{00D9433C-09F3-4892-9CC2-14D17CF7962D}"
EndProject
Project("{FAE04EC0-301F-11D3-BF4B-00C04F79EFBC}") = "P03_FootballBetting", "P03_FootballBetting\P03_FootballBetting.csproj", "{63BDDA62-6C55-4776-A95E-57662B8F3FDA}"
EndProject
Global
	GlobalSection(SolutionConfigurationPlatforms) = preSolution
		Debug|Any CPU = Debug|Any CPU
		Release|Any CPU = Release|Any CPU
	EndGlobalSection
	GlobalSection(ProjectConfigurationPlatforms) = postSolution
		{00D9433C-09F3-4892-9CC2-14D17CF7962D}.Debug|Any CPU.ActiveCfg = Debug|Any CPU
		{00D9433C-09F3-4892-9CC2-14D17CF7962D}.Debug|Any CPU.Build.0 = Debug|Any CPU
		{00D9433C-09F3-4892-9CC2-14D17CF7962D}.Release|Any CPU.ActiveCfg = Release|Any CPU
		{00D9433C-09F3-4892-9CC2-14D17CF7962D}.Release|Any CPU.Build.0 = Release|Any CPU
		{63BDDA62-6C55-4776-A95E-57662B8F3FDA}.Debug|Any CPU.ActiveCfg = Debug|Any CPU
		{63BDDA62-6C55-4776-A95E-57662B8F3FDA}.Debug|Any CPU.Build.0 = Debug|Any CPU
		{63BDDA62-6C55-4776-A95E-57662B8F3FDA}.Release|Any CPU.ActiveCfg = Release|Any CPU
		{63BDDA62-6C55-4776-A95E-57662B8F3FDA}.Release|Any CPU.Build.0 = Release|Any CPU
	EndGlobalSection
	GlobalSection(SolutionProperties) = preSolution
		HideSolutionNode = FALSE
	EndGlobalSection
	GlobalSection(ExtensibilityGlobals) = postSolution
		SolutionGuid = {8A859BF6-9EC4-4ABA-ABAE-F123933D7069}
	EndGlobalSection
EndGlobal
