
Microsoft Visual Studio Solution File, Format Version 12.00
# Visual Studio Version 16
VisualStudioVersion = 16.0.29418.71
MinimumVisualStudioVersion = 10.0.40219.1
Project("{9A19103F-16F7-4668-BE54-9A1E7A4F7556}") = "SoftUni", "SoftUni\SoftUni.csproj", "{E2ACAFB2-B6B8-4784-BA1D-5AF3A5DC38F4}"
EndProject
Global
	GlobalSection(SolutionConfigurationPlatforms) = preSolution
		Debug|Any CPU = Debug|Any CPU
		Release|Any CPU = Release|Any CPU
	EndGlobalSection
	GlobalSection(ProjectConfigurationPlatforms) = postSolution
		{E2ACAFB2-B6B8-4784-BA1D-5AF3A5DC38F4}.Debug|Any CPU.ActiveCfg = Debug|Any CPU
		{E2ACAFB2-B6B8-4784-BA1D-5AF3A5DC38F4}.Debug|Any CPU.Build.0 = Debug|Any CPU
		{E2ACAFB2-B6B8-4784-BA1D-5AF3A5DC38F4}.Release|Any CPU.ActiveCfg = Release|Any CPU
		{E2ACAFB2-B6B8-4784-BA1D-5AF3A5DC38F4}.Release|Any CPU.Build.0 = Release|Any CPU
	EndGlobalSection
	GlobalSection(SolutionProperties) = preSolution
		HideSolutionNode = FALSE
	EndGlobalSection
	GlobalSection(ExtensibilityGlobals) = postSolution
		SolutionGuid = {82D678F3-732F-44D8-A8CB-DE6E5C09945C}
	EndGlobalSection
EndGlobal
